
Microsoft Visual Studio Solution File, Format Version 12.00
# Visual Studio Version 17
VisualStudioVersion = 17.14.36511.14 d17.14
MinimumVisualStudioVersion = 10.0.40219.1
Project("{FAE04EC0-301F-11D3-BF4B-00C04F79EFBC}") = "FreqBarChart", "FreqBarChart.csproj", "{5E3ED926-3245-4E47-9CB4-55ED8B32E636}"
EndProject
Global
	GlobalSection(SolutionConfigurationPlatforms) = preSolution
		Debug|Any CPU = Debug|Any CPU
		Release|Any CPU = Release|Any CPU
	EndGlobalSection
	GlobalSection(ProjectConfigurationPlatforms) = postSolution
		{5E3ED926-3245-4E47-9CB4-55ED8B32E636}.Debug|Any CPU.ActiveCfg = Debug|Any CPU
		{5E3ED926-3245-4E47-9CB4-55ED8B32E636}.Debug|Any CPU.Build.0 = Debug|Any CPU
		{5E3ED926-3245-4E47-9CB4-55ED8B32E636}.Release|Any CPU.ActiveCfg = Release|Any CPU
		{5E3ED926-3245-4E47-9CB4-55ED8B32E636}.Release|Any CPU.Build.0 = Release|Any CPU
	EndGlobalSection
	GlobalSection(SolutionProperties) = preSolution
		HideSolutionNode = FALSE
	EndGlobalSection
	GlobalSection(ExtensibilityGlobals) = postSolution
		SolutionGuid = {524A5729-B232-4C88-B3CF-EB33FCB61282}
	EndGlobalSection
EndGlobal
