
Microsoft Visual Studio Solution File, Format Version 12.00
# Visual Studio Version 17
VisualStudioVersion = 17.13.35931.197
MinimumVisualStudioVersion = 10.0.40219.1
Project("{FAE04EC0-301F-11D3-BF4B-00C04F79EFBC}") = "01_AquariumPh", "01_AquariumPh\01_AquariumPh.csproj", "{4F0308C8-B19E-415D-AF4F-2E7AF183BE42}"
EndProject
Project("{FAE04EC0-301F-11D3-BF4B-00C04F79EFBC}") = "02_MonthFinder", "02_MonthFinder\02_MonthFinder.csproj", "{738BAB99-1ACE-4A60-A143-D228ECE23341}"
EndProject
Project("{FAE04EC0-301F-11D3-BF4B-00C04F79EFBC}") = "03_RandomNumbers", "03_RandomNumbers\03_RandomNumbers.csproj", "{88FB14E3-3D31-46D6-ABCA-5F279CDC0F1A}"
EndProject
Project("{FAE04EC0-301F-11D3-BF4B-00C04F79EFBC}") = "04_InputValidation", "04_InputValidation\04_InputValidation.csproj", "{A97EF26A-18A2-005A-6D89-B85607037703}"
EndProject
Project("{FAE04EC0-301F-11D3-BF4B-00C04F79EFBC}") = "05_CustomMultiplicationTable", "05_CustomMultiplicationTable\05_CustomMultiplicationTable.csproj", "{170D2B5C-43E1-4118-9271-9FE63F5A9788}"
EndProject
Project("{FAE04EC0-301F-11D3-BF4B-00C04F79EFBC}") = "06_ValueFrequencyAnalyzer", "06_ValueFrequencyAnalyzer\06_ValueFrequencyAnalyzer.csproj", "{6E811E4D-09C3-45D9-B1ED-81B6037CACC1}"
EndProject
Project("{FAE04EC0-301F-11D3-BF4B-00C04F79EFBC}") = "07_RealtySales", "07_RealtySales\07_RealtySales.csproj", "{2E0B11EF-FE12-456A-9CE9-BBEBC07822AF}"
EndProject
Project("{FAE04EC0-301F-11D3-BF4B-00C04F79EFBC}") = "08_FreqBarChart", "08_FreqBarChart\08_FreqBarChart.csproj", "{05E247B4-3980-4FA0-8BBA-6DB4B9B178E1}"
EndProject
Project("{FAE04EC0-301F-11D3-BF4B-00C04F79EFBC}") = "09_ArrayPolarity", "09_ArrayPolarity\09_ArrayPolarity.csproj", "{8DDF0CD7-CA16-4548-AF5A-E1FC062EE6FE}"
EndProject
Project("{FAE04EC0-301F-11D3-BF4B-00C04F79EFBC}") = "10_Factorial", "10_Factorial\10_Factorial.csproj", "{44E40A11-3C43-411C-BCB0-B28B3CE48C47}"
EndProject
Project("{FAE04EC0-301F-11D3-BF4B-00C04F79EFBC}") = "15_NumberImageClicker", "15_NumberImageClicker\15_NumberImageClicker.csproj", "{E7A5997D-D185-4FBE-B40F-31C4BDEEFFB7}"
EndProject
Global
	GlobalSection(SolutionConfigurationPlatforms) = preSolution
		Debug|Any CPU = Debug|Any CPU
		Release|Any CPU = Release|Any CPU
	EndGlobalSection
	GlobalSection(ProjectConfigurationPlatforms) = postSolution
		{4F0308C8-B19E-415D-AF4F-2E7AF183BE42}.Debug|Any CPU.ActiveCfg = Debug|Any CPU
		{4F0308C8-B19E-415D-AF4F-2E7AF183BE42}.Debug|Any CPU.Build.0 = Debug|Any CPU
		{4F0308C8-B19E-415D-AF4F-2E7AF183BE42}.Release|Any CPU.ActiveCfg = Release|Any CPU
		{4F0308C8-B19E-415D-AF4F-2E7AF183BE42}.Release|Any CPU.Build.0 = Release|Any CPU
		{738BAB99-1ACE-4A60-A143-D228ECE23341}.Debug|Any CPU.ActiveCfg = Debug|Any CPU
		{738BAB99-1ACE-4A60-A143-D228ECE23341}.Debug|Any CPU.Build.0 = Debug|Any CPU
		{738BAB99-1ACE-4A60-A143-D228ECE23341}.Release|Any CPU.ActiveCfg = Release|Any CPU
		{738BAB99-1ACE-4A60-A143-D228ECE23341}.Release|Any CPU.Build.0 = Release|Any CPU
		{88FB14E3-3D31-46D6-ABCA-5F279CDC0F1A}.Debug|Any CPU.ActiveCfg = Debug|Any CPU
		{88FB14E3-3D31-46D6-ABCA-5F279CDC0F1A}.Debug|Any CPU.Build.0 = Debug|Any CPU
		{88FB14E3-3D31-46D6-ABCA-5F279CDC0F1A}.Release|Any CPU.ActiveCfg = Release|Any CPU
		{88FB14E3-3D31-46D6-ABCA-5F279CDC0F1A}.Release|Any CPU.Build.0 = Release|Any CPU
		{A97EF26A-18A2-005A-6D89-B85607037703}.Debug|Any CPU.ActiveCfg = Debug|Any CPU
		{A97EF26A-18A2-005A-6D89-B85607037703}.Debug|Any CPU.Build.0 = Debug|Any CPU
		{A97EF26A-18A2-005A-6D89-B85607037703}.Release|Any CPU.ActiveCfg = Release|Any CPU
		{A97EF26A-18A2-005A-6D89-B85607037703}.Release|Any CPU.Build.0 = Release|Any CPU
		{170D2B5C-43E1-4118-9271-9FE63F5A9788}.Debug|Any CPU.ActiveCfg = Debug|Any CPU
		{170D2B5C-43E1-4118-9271-9FE63F5A9788}.Debug|Any CPU.Build.0 = Debug|Any CPU
		{170D2B5C-43E1-4118-9271-9FE63F5A9788}.Release|Any CPU.ActiveCfg = Release|Any CPU
		{170D2B5C-43E1-4118-9271-9FE63F5A9788}.Release|Any CPU.Build.0 = Release|Any CPU
		{6E811E4D-09C3-45D9-B1ED-81B6037CACC1}.Debug|Any CPU.ActiveCfg = Debug|Any CPU
		{6E811E4D-09C3-45D9-B1ED-81B6037CACC1}.Debug|Any CPU.Build.0 = Debug|Any CPU
		{6E811E4D-09C3-45D9-B1ED-81B6037CACC1}.Release|Any CPU.ActiveCfg = Release|Any CPU
		{6E811E4D-09C3-45D9-B1ED-81B6037CACC1}.Release|Any CPU.Build.0 = Release|Any CPU
		{2E0B11EF-FE12-456A-9CE9-BBEBC07822AF}.Debug|Any CPU.ActiveCfg = Debug|Any CPU
		{2E0B11EF-FE12-456A-9CE9-BBEBC07822AF}.Debug|Any CPU.Build.0 = Debug|Any CPU
		{2E0B11EF-FE12-456A-9CE9-BBEBC07822AF}.Release|Any CPU.ActiveCfg = Release|Any CPU
		{2E0B11EF-FE12-456A-9CE9-BBEBC07822AF}.Release|Any CPU.Build.0 = Release|Any CPU
		{05E247B4-3980-4FA0-8BBA-6DB4B9B178E1}.Debug|Any CPU.ActiveCfg = Debug|Any CPU
		{05E247B4-3980-4FA0-8BBA-6DB4B9B178E1}.Debug|Any CPU.Build.0 = Debug|Any CPU
		{05E247B4-3980-4FA0-8BBA-6DB4B9B178E1}.Release|Any CPU.ActiveCfg = Release|Any CPU
		{05E247B4-3980-4FA0-8BBA-6DB4B9B178E1}.Release|Any CPU.Build.0 = Release|Any CPU
		{8DDF0CD7-CA16-4548-AF5A-E1FC062EE6FE}.Debug|Any CPU.ActiveCfg = Debug|Any CPU
		{8DDF0CD7-CA16-4548-AF5A-E1FC062EE6FE}.Debug|Any CPU.Build.0 = Debug|Any CPU
		{8DDF0CD7-CA16-4548-AF5A-E1FC062EE6FE}.Release|Any CPU.ActiveCfg = Release|Any CPU
		{8DDF0CD7-CA16-4548-AF5A-E1FC062EE6FE}.Release|Any CPU.Build.0 = Release|Any CPU
		{44E40A11-3C43-411C-BCB0-B28B3CE48C47}.Debug|Any CPU.ActiveCfg = Debug|Any CPU
		{44E40A11-3C43-411C-BCB0-B28B3CE48C47}.Debug|Any CPU.Build.0 = Debug|Any CPU
		{44E40A11-3C43-411C-BCB0-B28B3CE48C47}.Release|Any CPU.ActiveCfg = Release|Any CPU
		{44E40A11-3C43-411C-BCB0-B28B3CE48C47}.Release|Any CPU.Build.0 = Release|Any CPU
		{E7A5997D-D185-4FBE-B40F-31C4BDEEFFB7}.Debug|Any CPU.ActiveCfg = Debug|Any CPU
		{E7A5997D-D185-4FBE-B40F-31C4BDEEFFB7}.Debug|Any CPU.Build.0 = Debug|Any CPU
		{E7A5997D-D185-4FBE-B40F-31C4BDEEFFB7}.Release|Any CPU.ActiveCfg = Release|Any CPU
		{E7A5997D-D185-4FBE-B40F-31C4BDEEFFB7}.Release|Any CPU.Build.0 = Release|Any CPU
	EndGlobalSection
	GlobalSection(SolutionProperties) = preSolution
		HideSolutionNode = FALSE
	EndGlobalSection
	GlobalSection(ExtensibilityGlobals) = postSolution
		SolutionGuid = {A47D6B25-48CE-4C50-BD09-898BDD558605}
	EndGlobalSection
EndGlobal
