
Microsoft Visual Studio Solution File, Format Version 12.00
# Visual Studio Version 17
VisualStudioVersion = 17.11.35431.28
MinimumVisualStudioVersion = 10.0.40219.1
Project("{FAE04EC0-301F-11D3-BF4B-00C04F79EFBC}") = "LibraryAppMVC", "LibraryAppMVC.csproj", "{E610959E-50BE-4832-A318-71D530BE1C94}"
EndProject
Project("{FAE04EC0-301F-11D3-BF4B-00C04F79EFBC}") = "API", "src\Server\API\API.csproj", "{0AA1389D-24A8-4D8F-9CC8-32DEC5531FEA}"
EndProject
Project("{FAE04EC0-301F-11D3-BF4B-00C04F79EFBC}") = "Domain", "src\Server\Domain\Domain.csproj", "{9F1039AD-7AF1-4F03-8EAD-D30CA8AFD247}"
EndProject
Project("{FAE04EC0-301F-11D3-BF4B-00C04F79EFBC}") = "Application", "src\Server\Application\Application.csproj", "{80AFF434-E1BC-437F-A251-94AAEA75F372}"
EndProject
Project("{FAE04EC0-301F-11D3-BF4B-00C04F79EFBC}") = "Infrastructure", "src\Server\Infrastructure\Infrastructure.csproj", "{BE21120C-60BD-4596-84F0-B83C55B2DA32}"
EndProject
Global
	GlobalSection(SolutionConfigurationPlatforms) = preSolution
		Debug|Any CPU = Debug|Any CPU
		Release|Any CPU = Release|Any CPU
	EndGlobalSection
	GlobalSection(ProjectConfigurationPlatforms) = postSolution
		{E610959E-50BE-4832-A318-71D530BE1C94}.Debug|Any CPU.ActiveCfg = Debug|Any CPU
		{E610959E-50BE-4832-A318-71D530BE1C94}.Debug|Any CPU.Build.0 = Debug|Any CPU
		{E610959E-50BE-4832-A318-71D530BE1C94}.Release|Any CPU.ActiveCfg = Release|Any CPU
		{E610959E-50BE-4832-A318-71D530BE1C94}.Release|Any CPU.Build.0 = Release|Any CPU
		{0AA1389D-24A8-4D8F-9CC8-32DEC5531FEA}.Debug|Any CPU.ActiveCfg = Debug|Any CPU
		{0AA1389D-24A8-4D8F-9CC8-32DEC5531FEA}.Debug|Any CPU.Build.0 = Debug|Any CPU
		{0AA1389D-24A8-4D8F-9CC8-32DEC5531FEA}.Release|Any CPU.ActiveCfg = Release|Any CPU
		{0AA1389D-24A8-4D8F-9CC8-32DEC5531FEA}.Release|Any CPU.Build.0 = Release|Any CPU
		{9F1039AD-7AF1-4F03-8EAD-D30CA8AFD247}.Debug|Any CPU.ActiveCfg = Debug|Any CPU
		{9F1039AD-7AF1-4F03-8EAD-D30CA8AFD247}.Debug|Any CPU.Build.0 = Debug|Any CPU
		{9F1039AD-7AF1-4F03-8EAD-D30CA8AFD247}.Release|Any CPU.ActiveCfg = Release|Any CPU
		{9F1039AD-7AF1-4F03-8EAD-D30CA8AFD247}.Release|Any CPU.Build.0 = Release|Any CPU
		{80AFF434-E1BC-437F-A251-94AAEA75F372}.Debug|Any CPU.ActiveCfg = Debug|Any CPU
		{80AFF434-E1BC-437F-A251-94AAEA75F372}.Debug|Any CPU.Build.0 = Debug|Any CPU
		{80AFF434-E1BC-437F-A251-94AAEA75F372}.Release|Any CPU.ActiveCfg = Release|Any CPU
		{80AFF434-E1BC-437F-A251-94AAEA75F372}.Release|Any CPU.Build.0 = Release|Any CPU
		{BE21120C-60BD-4596-84F0-B83C55B2DA32}.Debug|Any CPU.ActiveCfg = Debug|Any CPU
		{BE21120C-60BD-4596-84F0-B83C55B2DA32}.Debug|Any CPU.Build.0 = Debug|Any CPU
		{BE21120C-60BD-4596-84F0-B83C55B2DA32}.Release|Any CPU.ActiveCfg = Release|Any CPU
		{BE21120C-60BD-4596-84F0-B83C55B2DA32}.Release|Any CPU.Build.0 = Release|Any CPU
	EndGlobalSection
	GlobalSection(SolutionProperties) = preSolution
		HideSolutionNode = FALSE
	EndGlobalSection
	GlobalSection(ExtensibilityGlobals) = postSolution
		SolutionGuid = {0D29F146-0870-47CA-B62C-A2A7EB438FC8}
	EndGlobalSection
EndGlobal
