
Microsoft Visual Studio Solution File, Format Version 12.00
# Visual Studio Version 17
VisualStudioVersion = 17.14.36511.14 d17.14
MinimumVisualStudioVersion = 10.0.40219.1
Project("{FAE04EC0-301F-11D3-BF4B-00C04F79EFBC}") = "RandomNumbers", "RandomNumbers.csproj", "{D7B5934A-4340-467C-A9CE-184FB72C4057}"
EndProject
Global
	GlobalSection(SolutionConfigurationPlatforms) = preSolution
		Debug|Any CPU = Debug|Any CPU
		Release|Any CPU = Release|Any CPU
	EndGlobalSection
	GlobalSection(ProjectConfigurationPlatforms) = postSolution
		{D7B5934A-4340-467C-A9CE-184FB72C4057}.Debug|Any CPU.ActiveCfg = Debug|Any CPU
		{D7B5934A-4340-467C-A9CE-184FB72C4057}.Debug|Any CPU.Build.0 = Debug|Any CPU
		{D7B5934A-4340-467C-A9CE-184FB72C4057}.Release|Any CPU.ActiveCfg = Release|Any CPU
		{D7B5934A-4340-467C-A9CE-184FB72C4057}.Release|Any CPU.Build.0 = Release|Any CPU
	EndGlobalSection
	GlobalSection(SolutionProperties) = preSolution
		HideSolutionNode = FALSE
	EndGlobalSection
	GlobalSection(ExtensibilityGlobals) = postSolution
		SolutionGuid = {EBE68CF2-29F4-4CF4-AE38-AF220BD7DA86}
	EndGlobalSection
EndGlobal
