
Microsoft Visual Studio Solution File, Format Version 12.00
# Visual Studio Version 17
VisualStudioVersion = 17.14.36511.14 d17.14
MinimumVisualStudioVersion = 10.0.40219.1
Project("{FAE04EC0-301F-11D3-BF4B-00C04F79EFBC}") = "TortoisHareRace", "TortoisHareRace.csproj", "{C11BD377-2C22-477D-A870-76566C15BEBE}"
EndProject
Global
	GlobalSection(SolutionConfigurationPlatforms) = preSolution
		Debug|Any CPU = Debug|Any CPU
		Release|Any CPU = Release|Any CPU
	EndGlobalSection
	GlobalSection(ProjectConfigurationPlatforms) = postSolution
		{C11BD377-2C22-477D-A870-76566C15BEBE}.Debug|Any CPU.ActiveCfg = Debug|Any CPU
		{C11BD377-2C22-477D-A870-76566C15BEBE}.Debug|Any CPU.Build.0 = Debug|Any CPU
		{C11BD377-2C22-477D-A870-76566C15BEBE}.Release|Any CPU.ActiveCfg = Release|Any CPU
		{C11BD377-2C22-477D-A870-76566C15BEBE}.Release|Any CPU.Build.0 = Release|Any CPU
	EndGlobalSection
	GlobalSection(SolutionProperties) = preSolution
		HideSolutionNode = FALSE
	EndGlobalSection
	GlobalSection(ExtensibilityGlobals) = postSolution
		SolutionGuid = {8A8BA73C-B609-4BD8-A580-843A555BF827}
	EndGlobalSection
EndGlobal
